lockfileVersion: '9.0'

settings:
  autoInstallPeers: true
  excludeLinksFromLockfile: false

importers:

  .:
    dependencies:
      '@clerk/nextjs':
        specifier: ^5.7.1
        version: 5.7.1(next@14.2.5(react-dom@18.3.1(react@18.3.1))(react@18.3.1))(react-dom@18.3.1(react@18.3.1))(react@18.3.1)
      '@uidotdev/usehooks':
        specifier: ^2.4.1
        version: 2.4.1(react-dom@18.3.1(react@18.3.1))(react@18.3.1)
      cloudinary:
        specifier: ^2.4.0
        version: 2.4.0
      embla-carousel-autoplay:
        specifier: ^8.3.0
        version: 8.3.0(embla-carousel@8.3.0)
      embla-carousel-react:
        specifier: ^8.3.0
        version: 8.3.0(react@18.3.1)
      formik:
        specifier: ^2.4.6
        version: 2.4.6(react@18.3.1)
      next:
        specifier: 14.2.5
        version: 14.2.5(react-dom@18.3.1(react@18.3.1))(react@18.3.1)
      next-auth:
        specifier: ^4.24.8
        version: 4.24.8(next@14.2.5(react-dom@18.3.1(react@18.3.1))(react@18.3.1))(react-dom@18.3.1(react@18.3.1))(react@18.3.1)
      next-cloudinary:
        specifier: ^6.11.0
        version: 6.11.0(next@14.2.5(react-dom@18.3.1(react@18.3.1))(react@18.3.1))(react@18.3.1)
      nextjs-toploader:
        specifier: ^3.7.15
        version: 3.7.15(next@14.2.5(react-dom@18.3.1(react@18.3.1))(react@18.3.1))(react-dom@18.3.1(react@18.3.1))(react@18.3.1)
      pnpm:
        specifier: ^9.6.0
        version: 9.6.0
      react:
        specifier: ^18
        version: 18.3.1
      react-dom:
        specifier: ^18
        version: 18.3.1(react@18.3.1)
      react-icons:
        specifier: ^5.2.1
        version: 5.2.1(react@18.3.1)
      react-loading-skeleton:
        specifier: ^3.5.0
        version: 3.5.0(react@18.3.1)
      swiper:
        specifier: ^11.1.10
        version: 11.1.10
      yup:
        specifier: ^1.4.0
        version: 1.4.0
      zustand:
        specifier: ^4.5.5
        version: 4.5.5(@types/react@18.3.10)(react@18.3.1)
    devDependencies:
      '@types/node':
        specifier: 22.7.4
        version: 22.7.4
      typescript:
        specifier: 5.6.2
        version: 5.6.2

packages:

  '@babel/runtime@7.25.6':
    resolution: {integrity: sha512-VBj9MYyDb9tuLq7yzqjgzt6Q+IBQLrGZfdjOekyEirZPHxXWoTSGUTMrpsfi58Up73d13NfYLv8HT9vmznjzhQ==}
    engines: {node: '>=6.9.0'}

  '@clerk/backend@1.13.8':
    resolution: {integrity: sha512-FboiIOFfrxxdfgBd2tnUclO1be6Ig5ndpqHEMIx2EcLb2ll+4B1KBzZ9TcG+zaN90ty8aBy5HXiaPvGItfi6Aw==}
    engines: {node: '>=18.17.0'}

  '@clerk/clerk-react@5.11.0':
    resolution: {integrity: sha512-JPvDxSPMV1Rrnh5k1ULxeemvUW+F5YdVUQAUhPPl/iZ6MHO6vXr5jn66xe0hM+wrw/snGlsrD9ePyy6tK8EDKw==}
    engines: {node: '>=18.17.0'}
    peerDependencies:
      react: '>=18 || >=19.0.0-beta'
      react-dom: '>=18 || >=19.0.0-beta'

  '@clerk/nextjs@5.7.1':
    resolution: {integrity: sha512-UqgW8iy6oXg3M/U7lE6V3sBlb5akF2HLanziOIY8YGL0DvJEG0MWb6KWAzaeezqeL0drdY63QfEAiYZZx3iq8w==}
    engines: {node: '>=18.17.0'}
    peerDependencies:
      next: ^13.5.4 || ^14.0.3 || >=15.0.0-rc
      react: '>=18 || >=19.0.0-beta'
      react-dom: '>=18 || >=19.0.0-beta'

  '@clerk/shared@2.9.0':
    resolution: {integrity: sha512-DAqxJbmQ3QnQXZepG2InLC7Hdq+4T9/+A/kwtMQtAyQcsZoDwZ1TqVJkrqZ55lJIAkR97HEn3/g+g1ySspdEfA==}
    engines: {node: '>=18.17.0'}
    peerDependencies:
      react: '>=18 || >=19.0.0-beta'
      react-dom: '>=18 || >=19.0.0-beta'
    peerDependenciesMeta:
      react:
        optional: true
      react-dom:
        optional: true

  '@clerk/types@4.25.0':
    resolution: {integrity: sha512-p2IyJ0q5WF1e976L1pS1J6Mb5ducfkUC31DR1EvMjPwJkrlWJdAMCPc+zqRRAePVy/JBVK2gEKbUVtJ6/jrpag==}
    engines: {node: '>=18.17.0'}

  '@cloudinary-util/types@1.4.0':
    resolution: {integrity: sha512-0zWtZ78IlIKS2xrdtPXHCYtLuAbxtlWpNTKb5CGP86wJUCm/r7e12v5xzjcx3tSzY6NlEsnxV88xhp64s834LA==}

  '@cloudinary-util/url-loader@5.9.0':
    resolution: {integrity: sha512-Jy2nfMwUor/VkjZ05qXSOYQg1lqUJfk1upNhkFdMc/2S2DeveuiNe5kjua1FVbROWoAnAv47qaGSsKwQHWibbA==}

  '@cloudinary-util/util@3.3.2':
    resolution: {integrity: sha512-Cc0iFxzfl7fcOXuznpeZFGYC885Of/vDgccRDnhTe/8Rf8YKv2PjLtezyo0VgmdA/CpeZy29NCXAsf6liokbwg==}

  '@cloudinary/transformation-builder-sdk@1.15.1':
    resolution: {integrity: sha512-Dvm5DzGPq6NtXRLhpubu7SVfD+TLEWbU9q/FOxpGelWpn3NaTSOH/b+jRbpTL+EgYSHeaTeK6kHMraousPkNQg==}

  '@cloudinary/url-gen@1.15.0':
    resolution: {integrity: sha512-bjU67eZxLUgoRy/Plli4TQio7q6P31OYqnEgXxeN9TKXrzr6h0DeEdIUhKI9gy3HkEBWXWWJIPh7j7gkOJPnyA==}

  '@next/env@14.2.5':
    resolution: {integrity: sha512-/zZGkrTOsraVfYjGP8uM0p6r0BDT6xWpkjdVbcz66PJVSpwXX3yNiRycxAuDfBKGWBrZBXRuK/YVlkNgxHGwmA==}

  '@next/swc-darwin-arm64@14.2.5':
    resolution: {integrity: sha512-/9zVxJ+K9lrzSGli1///ujyRfon/ZneeZ+v4ptpiPoOU+GKZnm8Wj8ELWU1Pm7GHltYRBklmXMTUqM/DqQ99FQ==}
    engines: {node: '>= 10'}
    cpu: [arm64]
    os: [darwin]

  '@next/swc-darwin-x64@14.2.5':
    resolution: {integrity: sha512-vXHOPCwfDe9qLDuq7U1OYM2wUY+KQ4Ex6ozwsKxp26BlJ6XXbHleOUldenM67JRyBfVjv371oneEvYd3H2gNSA==}
    engines: {node: '>= 10'}
    cpu: [x64]
    os: [darwin]

  '@next/swc-linux-arm64-gnu@14.2.5':
    resolution: {integrity: sha512-vlhB8wI+lj8q1ExFW8lbWutA4M2ZazQNvMWuEDqZcuJJc78iUnLdPPunBPX8rC4IgT6lIx/adB+Cwrl99MzNaA==}
    engines: {node: '>= 10'}
    cpu: [arm64]
    os: [linux]

  '@next/swc-linux-arm64-musl@14.2.5':
    resolution: {integrity: sha512-NpDB9NUR2t0hXzJJwQSGu1IAOYybsfeB+LxpGsXrRIb7QOrYmidJz3shzY8cM6+rO4Aojuef0N/PEaX18pi9OA==}
    engines: {node: '>= 10'}
    cpu: [arm64]
    os: [linux]

  '@next/swc-linux-x64-gnu@14.2.5':
    resolution: {integrity: sha512-8XFikMSxWleYNryWIjiCX+gU201YS+erTUidKdyOVYi5qUQo/gRxv/3N1oZFCgqpesN6FPeqGM72Zve+nReVXQ==}
    engines: {node: '>= 10'}
    cpu: [x64]
    os: [linux]

  '@next/swc-linux-x64-musl@14.2.5':
    resolution: {integrity: sha512-6QLwi7RaYiQDcRDSU/os40r5o06b5ue7Jsk5JgdRBGGp8l37RZEh9JsLSM8QF0YDsgcosSeHjglgqi25+m04IQ==}
    engines: {node: '>= 10'}
    cpu: [x64]
    os: [linux]

  '@next/swc-win32-arm64-msvc@14.2.5':
    resolution: {integrity: sha512-1GpG2VhbspO+aYoMOQPQiqc/tG3LzmsdBH0LhnDS3JrtDx2QmzXe0B6mSZZiN3Bq7IOMXxv1nlsjzoS1+9mzZw==}
    engines: {node: '>= 10'}
    cpu: [arm64]
    os: [win32]

  '@next/swc-win32-ia32-msvc@14.2.5':
    resolution: {integrity: sha512-Igh9ZlxwvCDsu6438FXlQTHlRno4gFpJzqPjSIBZooD22tKeI4fE/YMRoHVJHmrQ2P5YL1DoZ0qaOKkbeFWeMg==}
    engines: {node: '>= 10'}
    cpu: [ia32]
    os: [win32]

  '@next/swc-win32-x64-msvc@14.2.5':
    resolution: {integrity: sha512-tEQ7oinq1/CjSG9uSTerca3v4AZ+dFa+4Yu6ihaG8Ud8ddqLQgFGcnwYls13H5X5CPDPZJdYxyeMui6muOLd4g==}
    engines: {node: '>= 10'}
    cpu: [x64]
    os: [win32]

  '@panva/hkdf@1.2.1':
    resolution: {integrity: sha512-6oclG6Y3PiDFcoyk8srjLfVKyMfVCKJ27JwNPViuXziFpmdz+MZnZN/aKY0JGXgYuO/VghU0jcOAZgWXZ1Dmrw==}

  '@swc/counter@0.1.3':
    resolution: {integrity: sha512-e2BR4lsJkkRlKZ/qCHPw9ZaSxc0MVUd7gtbtaB7aMvHeJVYe8sOB8DBZkP2DtISHGSku9sCK6T6cnY0CtXrOCQ==}

  '@swc/helpers@0.5.5':
    resolution: {integrity: sha512-KGYxvIOXcceOAbEk4bi/dVLEK9z8sZ0uBB3Il5b1rhfClSpcX0yfRO0KmTkqR2cnQDymwLB+25ZyMzICg/cm/A==}

  '@tsconfig/recommended@1.0.7':
    resolution: {integrity: sha512-xiNMgCuoy4mCL4JTywk9XFs5xpRUcKxtWEcMR6FNMtsgewYTIgIR+nvlP4A4iRCAzRsHMnPhvTRrzp4AGcRTEA==}

  '@types/hoist-non-react-statics@3.3.5':
    resolution: {integrity: sha512-SbcrWzkKBw2cdwRTwQAswfpB9g9LJWfjtUeW/jvNwbhC8cpmmNYVePa+ncbUe0rGTQ7G3Ff6mYUN2VMfLVr+Sg==}

  '@types/node@22.7.4':
    resolution: {integrity: sha512-y+NPi1rFzDs1NdQHHToqeiX2TIS79SWEAw9GYhkkx8bD0ChpfqC+n2j5OXOCpzfojBEBt6DnEnnG9MY0zk1XLg==}

  '@types/prop-types@15.7.13':
    resolution: {integrity: sha512-hCZTSvwbzWGvhqxp/RqVqwU999pBf2vp7hzIjiYOsl8wqOmUxkQ6ddw1cV3l8811+kdUFus/q4d1Y3E3SyEifA==}

  '@types/react@18.3.10':
    resolution: {integrity: sha512-02sAAlBnP39JgXwkAq3PeU9DVaaGpZyF3MGcC0MKgQVkZor5IiiDAipVaxQHtDJAmO4GIy/rVBy/LzVj76Cyqg==}

  '@uidotdev/usehooks@2.4.1':
    resolution: {integrity: sha512-1I+RwWyS+kdv3Mv0Vmc+p0dPYH0DTRAo04HLyXReYBL9AeseDWUJyi4THuksBJcu9F0Pih69Ak150VDnqbVnXg==}
    engines: {node: '>=16'}
    peerDependencies:
      react: '>=18.0.0'
      react-dom: '>=18.0.0'

  busboy@1.6.0:
    resolution: {integrity: sha512-8SFQbg/0hQ9xy3UNTB0YEnsNBbWfhf7RtnzpL7TkBiTBRfrQ9Fxcnz7VJsleJpyp6rVLvXiuORqjlHi5q+PYuA==}
    engines: {node: '>=10.16.0'}

  caniuse-lite@1.0.30001649:
    resolution: {integrity: sha512-fJegqZZ0ZX8HOWr6rcafGr72+xcgJKI9oWfDW5DrD7ExUtgZC7a7R7ZYmZqplh7XDocFdGeIFn7roAxhOeYrPQ==}

  client-only@0.0.1:
    resolution: {integrity: sha512-IV3Ou0jSMzZrd3pZ48nLkT9DA7Ag1pnPzaiQhpW7c3RbcqqzvzzVu+L8gfqMp/8IM2MQtSiqaCxrrcfu8I8rMA==}

  cloudinary@2.4.0:
    resolution: {integrity: sha512-5HA9VffeaR3MKiHpRo9A5SWgZFPxzlEDep0O4KzL3TIDi1hmQC9gjA4dHpVmdeFC0ZD1Xr5fGsWRKVDK9Ay9PQ==}
    engines: {node: '>=9'}

  cookie@0.5.0:
    resolution: {integrity: sha512-YZ3GUyn/o8gfKJlnlX7g7xq4gyO6OSuhGPKaaGssGB2qgDUS0gPgtTvoyZLTt9Ab6dC4hfc9dV5arkvc/OCmrw==}
    engines: {node: '>= 0.6'}

  crypto-js@4.2.0:
    resolution: {integrity: sha512-KALDyEYgpY+Rlob/iriUtjV6d5Eq+Y191A5g4UqLAi8CyGP9N1+FdVbkc1SxKc2r4YAYqG8JzO2KGL+AizD70Q==}

  csstype@3.1.1:
    resolution: {integrity: sha512-DJR/VvkAvSZW9bTouZue2sSxDwdTN92uHjqeKVm+0dAqdfNykRzQ95tay8aXMBAAPpUiq4Qcug2L7neoRh2Egw==}

  csstype@3.1.3:
    resolution: {integrity: sha512-M1uQkMl8rQK/szD0LNhtqxIPLpimGm8sOBwU7lLnCpSbTyY3yeU1Vc7l4KT5zT4s/yOxHH5O7tIuuLOCnLADRw==}

  deepmerge@2.2.1:
    resolution: {integrity: sha512-R9hc1Xa/NOBi9WRVUWg19rl1UB7Tt4kuPd+thNJgFZoxXsTz7ncaPaeIm+40oSGuP33DfMb4sZt1QIGiJzC4EA==}
    engines: {node: '>=0.10.0'}

  dot-case@3.0.4:
    resolution: {integrity: sha512-Kv5nKlh6yRrdrGvxeJ2e5y2eRUpkUosIW4A2AS38zwSz27zu7ufDwQPi5Jhs3XAlGNetl3bmnGhQsMtkKJnj3w==}

  embla-carousel-autoplay@8.3.0:
    resolution: {integrity: sha512-h7DFJLf9uQD+XDxr1NwA3/oFIjsnj/iED2RjET5u6/svMec46IbF1CYPhmB5Q/1Fc0WkcvhPpsEsrtVXQLxNzA==}
    peerDependencies:
      embla-carousel: 8.3.0

  embla-carousel-react@8.3.0:
    resolution: {integrity: sha512-P1FlinFDcIvggcErRjNuVqnUR8anyo8vLMIH8Rthgofw7Nj8qTguCa2QjFAbzxAUTQTPNNjNL7yt0BGGinVdFw==}
    peerDependencies:
      react: ^16.8.0 || ^17.0.1 || ^18.0.0

  embla-carousel-reactive-utils@8.3.0:
    resolution: {integrity: sha512-EYdhhJ302SC4Lmkx8GRsp0sjUhEN4WyFXPOk0kGu9OXZSRMmcBlRgTvHcq8eKJE1bXWBsOi1T83B+BSSVZSmwQ==}
    peerDependencies:
      embla-carousel: 8.3.0

  embla-carousel@8.3.0:
    resolution: {integrity: sha512-Ve8dhI4w28qBqR8J+aMtv7rLK89r1ZA5HocwFz6uMB/i5EiC7bGI7y+AM80yAVUJw3qqaZYK7clmZMUR8kM3UA==}

  formik@2.4.6:
    resolution: {integrity: sha512-A+2EI7U7aG296q2TLGvNapDNTZp1khVt5Vk0Q/fyfSROss0V/V6+txt2aJnwEos44IxTCW/LYAi/zgWzlevj+g==}
    peerDependencies:
      react: '>=16.8.0'

  glob-to-regexp@0.4.1:
    resolution: {integrity: sha512-lkX1HJXwyMcprw/5YUZc2s7DrpAiHB21/V+E1rHUrVNokkvB6bqMzT0VfV6/86ZNabt1k14YOIaT7nDvOX3Iiw==}

  graceful-fs@4.2.11:
    resolution: {integrity: sha512-RbJ5/jmFcNNCcDV5o9eTnBLJ/HszWV0P73bc+Ff4nS/rJj+YaS6IGyiOL0VoBYX+l1Wrl3k63h/KrH+nhJ0XvQ==}

  hoist-non-react-statics@3.3.2:
    resolution: {integrity: sha512-/gGivxi8JPKWNm/W0jSmzcMPpfpPLc3dY/6GxhX2hQ9iGj3aDfklV4ET7NjKpSinLpJ5vafa9iiGIEZg10SfBw==}

  jose@4.15.9:
    resolution: {integrity: sha512-1vUQX+IdDMVPj4k8kOxgUqlcK518yluMuGZwqlr44FS1ppZB/5GWh4rZG89erpOBOJjU/OBsnCVFfapsRz6nEA==}

  js-cookie@3.0.5:
    resolution: {integrity: sha512-cEiJEAEoIbWfCZYKWhVwFuvPX1gETRYPw6LlaTKoxD3s2AkXzkCjnp6h0V77ozyqj0jakteJ4YqDJT830+lVGw==}
    engines: {node: '>=14'}

  js-tokens@4.0.0:
    resolution: {integrity: sha512-RdJUflcE3cUzKiMqQgsCu06FPu9UdIJO0beYbPhHN4k6apgJtifcoCtT9bcxOpYBtpD2kCM6Sbzg4CausW/PKQ==}

  lodash-es@4.17.21:
    resolution: {integrity: sha512-mKnC+QJ9pWVzv+C4/U3rRsHapFfHvQFoFB92e52xeyGMcX6/OlIl78je1u8vePzYZSkkogMPJ2yjxxsb89cxyw==}

  lodash@4.17.21:
    resolution: {integrity: sha512-v2kDEe57lecTulaDIuNTPy3Ry4gLGJ6Z1O3vE1krgXZNrsQ+LFTGHVxVjcXPs17LhbZVGedAJv8XZ1tvj5FvSg==}

  loose-envify@1.4.0:
    resolution: {integrity: sha512-lyuxPGr/Wfhrlem2CL/UcnUc1zcqKAImBDzukY7Y5F/yQiNdko6+fRLevlw1HgMySw7f611UIY408EtxRSoK3Q==}
    hasBin: true

  lower-case@2.0.2:
    resolution: {integrity: sha512-7fm3l3NAF9WfN6W3JOmf5drwpVqX78JtoGJ3A6W0a6ZnldM41w2fV5D490psKFTpMds8TJse/eHLFFsNHHjHgg==}

  lru-cache@6.0.0:
    resolution: {integrity: sha512-Jo6dJ04CmSjuznwJSS3pUeWmd/H0ffTlkXXgwZi+eq1UCmqQwCh+eLsYOYCwY991i2Fah4h1BEMCx4qThGbsiA==}
    engines: {node: '>=10'}

  map-obj@4.3.0:
    resolution: {integrity: sha512-hdN1wVrZbb29eBGiGjJbeP8JbKjq1urkHJ/LIP/NY48MZ1QVXUsQBV1G1zvYFHn1XE06cwjBsOI2K3Ulnj1YXQ==}
    engines: {node: '>=8'}

  nanoid@3.3.7:
    resolution: {integrity: sha512-eSRppjcPIatRIMC1U6UngP8XFcz8MQWGQdt1MTBQ7NaAmvXDfvNxbvWV3x2y6CdEUciCSsDHDQZbhYaB8QEo2g==}
    engines: {node: ^10 || ^12 || ^13.7 || ^14 || >=15.0.1}
    hasBin: true

  next-auth@4.24.8:
    resolution: {integrity: sha512-SLt3+8UCtklsotnz2p+nB4aN3IHNmpsQFAZ24VLxGotWGzSxkBh192zxNhm/J5wgkcrDWVp0bwqvW0HksK/Lcw==}
    peerDependencies:
      '@auth/core': 0.34.2
      next: ^12.2.5 || ^13 || ^14
      nodemailer: ^6.6.5
      react: ^17.0.2 || ^18
      react-dom: ^17.0.2 || ^18
    peerDependenciesMeta:
      '@auth/core':
        optional: true
      nodemailer:
        optional: true

  next-cloudinary@6.11.0:
    resolution: {integrity: sha512-Ip0zpZKsDSemfVdND+kC+tg0QIrEgv1QqdTfD0NiohrqiN6bk4ZNphkZ79O6g1+/0SaQ4hYynVQIJINW1eg/1A==}
    peerDependencies:
      next: ^12 || ^13 || ^14 || >=15.0.0-rc
      react: ^17 || ^18 || >=19.0.0-beta

  next@14.2.5:
    resolution: {integrity: sha512-0f8aRfBVL+mpzfBjYfQuLWh2WyAwtJXCRfkPF4UJ5qd2YwrHczsrSzXU4tRMV0OAxR8ZJZWPFn6uhSC56UTsLA==}
    engines: {node: '>=18.17.0'}
    hasBin: true
    peerDependencies:
      '@opentelemetry/api': ^1.1.0
      '@playwright/test': ^1.41.2
      react: ^18.2.0
      react-dom: ^18.2.0
      sass: ^1.3.0
    peerDependenciesMeta:
      '@opentelemetry/api':
        optional: true
      '@playwright/test':
        optional: true
      sass:
        optional: true

  nextjs-toploader@3.7.15:
    resolution: {integrity: sha512-DvvXEJVRPfE2j1HVXgFhmPl8pRcLb/4mvyVBDuYdMdkbEY7KJghp0fG5iOZ002cV6awbBw9j/Di7vQL8LRazxQ==}
    peerDependencies:
      next: '>= 6.0.0'
      react: '>= 16.0.0'
      react-dom: '>= 16.0.0'

  no-case@3.0.4:
    resolution: {integrity: sha512-fgAN3jGAh+RoxUGZHTSOLJIqUc2wmoBwGR4tbpNAKmmovFoWq0OdRkb0VkldReO2a2iBT/OEulG9XSUc10r3zg==}

  nprogress@0.2.0:
    resolution: {integrity: sha512-I19aIingLgR1fmhftnbWWO3dXc0hSxqHQHQb3H8m+K3TnEn/iSeTZZOyvKXWqQESMwuUVnatlCnZdLBZZt2VSA==}

  oauth@0.9.15:
    resolution: {integrity: sha512-a5ERWK1kh38ExDEfoO6qUHJb32rd7aYmPHuyCu3Fta/cnICvYmgd2uhuKXvPD+PXB+gCEYYEaQdIRAjCOwAKNA==}

  object-assign@4.1.1:
    resolution: {integrity: sha512-rJgTQnkUnH1sFw8yT6VSU3zD3sWmu6sZhIseY8VX+GRu3P6F7Fu+JNDoXfklElbLJSnc3FUQHVe4cU5hj+BcUg==}
    engines: {node: '>=0.10.0'}

  object-hash@2.2.0:
    resolution: {integrity: sha512-gScRMn0bS5fH+IuwyIFgnh9zBdo4DV+6GhygmWM9HyNJSgS0hScp1f5vjtm7oIIOiT9trXrShAkLFSc2IqKNgw==}
    engines: {node: '>= 6'}

  oidc-token-hash@5.0.3:
    resolution: {integrity: sha512-IF4PcGgzAr6XXSff26Sk/+P4KZFJVuHAJZj3wgO3vX2bMdNVp/QXTP3P7CEm9V1IdG8lDLY3HhiqpsE/nOwpPw==}
    engines: {node: ^10.13.0 || >=12.0.0}

  openid-client@5.7.0:
    resolution: {integrity: sha512-4GCCGZt1i2kTHpwvaC/sCpTpQqDnBzDzuJcJMbH+y1Q5qI8U8RBvoSh28svarXszZHR5BAMXbJPX1PGPRE3VOA==}

  picocolors@1.0.1:
    resolution: {integrity: sha512-anP1Z8qwhkbmu7MFP5iTt+wQKXgwzf7zTyGlcdzabySa9vd0Xt392U0rVmz9poOaBj0uHJKyyo9/upk0HrEQew==}

  pnpm@9.6.0:
    resolution: {integrity: sha512-ONxvuo26NbOTQLlwARLC/h4S8QsXE0cVpKqYzPe7A152/Zgc8Ls4TfqY+NavVIHCvvL0Jmokv6IMNOtxR84LXg==}
    engines: {node: '>=18.12'}
    hasBin: true

  postcss@8.4.31:
    resolution: {integrity: sha512-PS08Iboia9mts/2ygV3eLpY5ghnUcfLV/EXTOW1E2qYxJKGGBUtNjN76FYHnMs36RmARn41bC0AZmn+rR0OVpQ==}
    engines: {node: ^10 || ^12 || >=14}

  preact-render-to-string@5.2.6:
    resolution: {integrity: sha512-JyhErpYOvBV1hEPwIxc/fHWXPfnEGdRKxc8gFdAZ7XV4tlzyzG847XAyEZqoDnynP88akM4eaHcSOzNcLWFguw==}
    peerDependencies:
      preact: '>=10'

  preact@10.24.1:
    resolution: {integrity: sha512-PnBAwFI3Yjxxcxw75n6VId/5TFxNW/81zexzWD9jn1+eSrOP84NdsS38H5IkF/UH3frqRPT+MvuCoVHjTDTnDw==}

  pretty-format@3.8.0:
    resolution: {integrity: sha512-WuxUnVtlWL1OfZFQFuqvnvs6MiAGk9UNsBostyBOB0Is9wb5uRESevA6rnl/rkksXaGX3GzZhPup5d6Vp1nFew==}

  prop-types@15.8.1:
    resolution: {integrity: sha512-oj87CgZICdulUohogVAR7AjlC0327U4el4L6eAvOqCeudMDVU0NThNaV+b9Df4dXgSP1gXMTnPdhfe/2qDH5cg==}

  property-expr@2.0.6:
    resolution: {integrity: sha512-SVtmxhRE/CGkn3eZY1T6pC8Nln6Fr/lu1mKSgRud0eC73whjGfoAogbn78LkD8aFL0zz3bAFerKSnOl7NlErBA==}

  q@1.5.1:
    resolution: {integrity: sha512-kV/CThkXo6xyFEZUugw/+pIOywXcDbFYgSct5cT3gqlbkBE1SJdwy6UQoZvodiWF/ckQLZyDE/Bu1M6gVu5lVw==}
    engines: {node: '>=0.6.0', teleport: '>=0.2.0'}
    deprecated: |-
      You or someone you depend on is using Q, the JavaScript Promise library that gave JavaScript developers strong feelings about promises. They can almost certainly migrate to the native JavaScript promise now. Thank you literally everyone for joining me in this bet against the odds. Be excellent to each other.

      (For a CapTP with native promises, see @endo/eventual-send and @endo/captp)

  react-dom@18.3.1:
    resolution: {integrity: sha512-5m4nQKp+rZRb09LNH59GM4BxTh9251/ylbKIbpe7TpGxfJ+9kv6BLkLBXIjjspbgbnIBNqlI23tRnTWT0snUIw==}
    peerDependencies:
      react: ^18.3.1

  react-fast-compare@2.0.4:
    resolution: {integrity: sha512-suNP+J1VU1MWFKcyt7RtjiSWUjvidmQSlqu+eHslq+342xCbGTYmC0mEhPCOHxlW0CywylOC1u2DFAT+bv4dBw==}

  react-icons@5.2.1:
    resolution: {integrity: sha512-zdbW5GstTzXaVKvGSyTaBalt7HSfuK5ovrzlpyiWHAFXndXTdd/1hdDHI4xBM1Mn7YriT6aqESucFl9kEXzrdw==}
    peerDependencies:
      react: '*'

  react-is@16.13.1:
    resolution: {integrity: sha512-24e6ynE2H+OKt4kqsOvNd8kBpV65zoxbA4BVsEOB3ARVWQki/DHzaUoC5KuON/BiccDaCCTZBuOcfZs70kR8bQ==}

  react-loading-skeleton@3.5.0:
    resolution: {integrity: sha512-gxxSyLbrEAdXTKgfbpBEFZCO/P153DnqSCQau2+o6lNy1jgMRr2MmRmOzMmyrwSaSYLRB8g7b0waYPmUjz7IhQ==}
    peerDependencies:
      react: '>=16.8.0'

  react@18.3.1:
    resolution: {integrity: sha512-wS+hAgJShR0KhEvPJArfuPVN1+Hz1t0Y6n5jLrGQbkb4urgPE/0Rve+1kMB1v/oWgHgm4WIcV+i7F2pTVj+2iQ==}
    engines: {node: '>=0.10.0'}

  regenerator-runtime@0.14.1:
    resolution: {integrity: sha512-dYnhHh0nJoMfnkZs6GmmhFknAGRrLznOu5nc9ML+EJxGvrx6H7teuevqVqCuPcPK//3eDrrjQhehXVx9cnkGdw==}

  scheduler@0.23.2:
    resolution: {integrity: sha512-UOShsPwz7NrMUqhR6t0hWjFduvOzbtv7toDH1/hIrfRNIDBnnBWd0CwJTGvTpngVlmwGCdP9/Zl/tVrDqcuYzQ==}

  server-only@0.0.1:
    resolution: {integrity: sha512-qepMx2JxAa5jjfzxG79yPPq+8BuFToHd1hm7kI+Z4zAq1ftQiP7HcxMhDDItrbtwVeLg/cY2JnKnrcFkmiswNA==}

  snake-case@3.0.4:
    resolution: {integrity: sha512-LAOh4z89bGQvl9pFfNF8V146i7o7/CqFPbqzYgP+yYzDIDeS9HaNFtXABamRW+AQzEVODcvE79ljJ+8a9YSdMg==}

  snakecase-keys@5.4.4:
    resolution: {integrity: sha512-YTywJG93yxwHLgrYLZjlC75moVEX04LZM4FHfihjHe1FCXm+QaLOFfSf535aXOAd0ArVQMWUAe8ZPm4VtWyXaA==}
    engines: {node: '>=12'}

  source-map-js@1.2.0:
    resolution: {integrity: sha512-itJW8lvSA0TXEphiRoawsCksnlf8SyvmFzIhltqAHluXd88pkCd+cXJVHTDwdCr0IzwptSm035IHQktUu1QUMg==}
    engines: {node: '>=0.10.0'}

  std-env@3.7.0:
    resolution: {integrity: sha512-JPbdCEQLj1w5GilpiHAx3qJvFndqybBysA3qUOnznweH4QbNYUsW/ea8QzSrnh0vNsezMMw5bcVool8lM0gwzg==}

  streamsearch@1.1.0:
    resolution: {integrity: sha512-Mcc5wHehp9aXz1ax6bZUyY5afg9u2rv5cqQI3mRrYkGC8rW2hM02jWuwjtL++LS5qinSyhj2QfLyNsuc+VsExg==}
    engines: {node: '>=10.0.0'}

  styled-jsx@5.1.1:
    resolution: {integrity: sha512-pW7uC1l4mBZ8ugbiZrcIsiIvVx1UmTfw7UkC3Um2tmfUq9Bhk8IiyEIPl6F8agHgjzku6j0xQEZbfA5uSgSaCw==}
    engines: {node: '>= 12.0.0'}
    peerDependencies:
      '@babel/core': '*'
      babel-plugin-macros: '*'
      react: '>= 16.8.0 || 17.x.x || ^18.0.0-0'
    peerDependenciesMeta:
      '@babel/core':
        optional: true
      babel-plugin-macros:
        optional: true

  swiper@11.1.10:
    resolution: {integrity: sha512-pAVM6vCb6bumj2B9aSh67l3wP1j5YR8dPQM1YhQKMpnBc33vs+RpyVz6NZYZl/ZopCBSYbbWK5nvESwbmU0QXQ==}
    engines: {node: '>= 4.7.0'}

  swr@2.2.5:
    resolution: {integrity: sha512-QtxqyclFeAsxEUeZIYmsaQ0UjimSq1RZ9Un7I68/0ClKK/U3LoyQunwkQfJZr2fc22DfIXLNDc2wFyTEikCUpg==}
    peerDependencies:
      react: ^16.11.0 || ^17.0.0 || ^18.0.0

  tiny-case@1.0.3:
    resolution: {integrity: sha512-Eet/eeMhkO6TX8mnUteS9zgPbUMQa4I6Kkp5ORiBD5476/m+PIRiumP5tmh5ioJpH7k51Kehawy2UDfsnxxY8Q==}

  tiny-warning@1.0.3:
    resolution: {integrity: sha512-lBN9zLN/oAf68o3zNXYrdCt1kP8WsiGW8Oo2ka41b2IM5JL/S1CTyX1rW0mb/zSuJun0ZUrDxx4sqvYS2FWzPA==}

  toposort@2.0.2:
    resolution: {integrity: sha512-0a5EOkAUp8D4moMi2W8ZF8jcga7BgZd91O/yabJCFY8az+XSzeGyTKs0Aoo897iV1Nj6guFq8orWDS96z91oGg==}

  tslib@2.4.1:
    resolution: {integrity: sha512-tGyy4dAjRIEwI7BzsB0lynWgOpfqjUdq91XXAlIWD2OwKBH7oCl/GZG/HT4BOHrTlPMOASlMQ7veyTqpmRcrNA==}

  tslib@2.6.3:
    resolution: {integrity: sha512-xNvxJEOUiWPGhUuUdQgAJPKOOJfGnIyKySOc09XkKsgdUV/3E2zvwZYdejjmRgPCgcym1juLH3226yA7sEFJKQ==}

  type-fest@2.19.0:
    resolution: {integrity: sha512-RAH822pAdBgcNMAfWnCBU3CFZcfZ/i1eZjwFU/dsLKumyuuP3niueg2UAukXYF0E2AAoc82ZSSf9J0WQBinzHA==}
    engines: {node: '>=12.20'}

  typescript@5.6.2:
    resolution: {integrity: sha512-NW8ByodCSNCwZeghjN3o+JX5OFH0Ojg6sadjEKY4huZ52TqbJTJnDo5+Tw98lSy63NZvi4n+ez5m2u5d4PkZyw==}
    engines: {node: '>=14.17'}
    hasBin: true

  undici-types@6.19.8:
    resolution: {integrity: sha512-ve2KP6f/JnbPBFyobGHuerC9g1FYGn/F8n1LWTwNxCEzd6IfqTwUQcNXgEtmmQ6DlRrC1hrSrBnCZPokRrDHjw==}

  use-sync-external-store@1.2.2:
    resolution: {integrity: sha512-PElTlVMwpblvbNqQ82d2n6RjStvdSoNe9FG28kNfz3WiXilJm4DdNkEzRhCZuIDwY8U08WVihhGR5iRqAwfDiw==}
    peerDependencies:
      react: ^16.8.0 || ^17.0.0 || ^18.0.0

  uuid@8.3.2:
    resolution: {integrity: sha512-+NYs2QeMWy+GWFOEm9xnn6HCDp0l7QBD7ml8zLUmJ+93Q5NF0NocErnwkTkXVFNiX3/fpC6afS8Dhb/gz7R7eg==}
    hasBin: true

  yallist@4.0.0:
    resolution: {integrity: sha512-3wdGidZyq5PB084XLES5TpOSRA3wjXAlIWMhum2kRcv/41Sn2emQ0dycQW4uZXLejwKvg6EsvbdlVL+FYEct7A==}

  yup@1.4.0:
    resolution: {integrity: sha512-wPbgkJRCqIf+OHyiTBQoJiP5PFuAXaWiJK6AmYkzQAh5/c2K9hzSApBZG5wV9KoKSePF7sAxmNSvh/13YHkFDg==}

  zod@3.23.8:
    resolution: {integrity: sha512-XBx9AXhXktjUqnepgTiE5flcKIYWi/rme0Eaj+5Y0lftuGBq+jyRu/md4WnuxqgP1ubdpNCsYEYPxrzVHD8d6g==}

  zustand@4.5.5:
    resolution: {integrity: sha512-+0PALYNJNgK6hldkgDq2vLrw5f6g/jCInz52n9RTpropGgeAf/ioFUCdtsjCqu4gNhW9D01rUQBROoRjdzyn2Q==}
    engines: {node: '>=12.7.0'}
    peerDependencies:
      '@types/react': '>=16.8'
      immer: '>=9.0.6'
      react: '>=16.8'
    peerDependenciesMeta:
      '@types/react':
        optional: true
      immer:
        optional: true
      react:
        optional: true

snapshots:

  '@babel/runtime@7.25.6':
    dependencies:
      regenerator-runtime: 0.14.1

  '@clerk/backend@1.13.8(react-dom@18.3.1(react@18.3.1))(react@18.3.1)':
    dependencies:
      '@clerk/shared': 2.9.0(react-dom@18.3.1(react@18.3.1))(react@18.3.1)
      '@clerk/types': 4.25.0
      cookie: 0.5.0
      snakecase-keys: 5.4.4
      tslib: 2.4.1
    transitivePeerDependencies:
      - react
      - react-dom

  '@clerk/clerk-react@5.11.0(react-dom@18.3.1(react@18.3.1))(react@18.3.1)':
    dependencies:
      '@clerk/shared': 2.9.0(react-dom@18.3.1(react@18.3.1))(react@18.3.1)
      '@clerk/types': 4.25.0
      react: 18.3.1
      react-dom: 18.3.1(react@18.3.1)
      tslib: 2.4.1

  '@clerk/nextjs@5.7.1(next@14.2.5(react-dom@18.3.1(react@18.3.1))(react@18.3.1))(react-dom@18.3.1(react@18.3.1))(react@18.3.1)':
    dependencies:
      '@clerk/backend': 1.13.8(react-dom@18.3.1(react@18.3.1))(react@18.3.1)
      '@clerk/clerk-react': 5.11.0(react-dom@18.3.1(react@18.3.1))(react@18.3.1)
      '@clerk/shared': 2.9.0(react-dom@18.3.1(react@18.3.1))(react@18.3.1)
      '@clerk/types': 4.25.0
      crypto-js: 4.2.0
      next: 14.2.5(react-dom@18.3.1(react@18.3.1))(react@18.3.1)
      react: 18.3.1
      react-dom: 18.3.1(react@18.3.1)
      server-only: 0.0.1
      tslib: 2.4.1

  '@clerk/shared@2.9.0(react-dom@18.3.1(react@18.3.1))(react@18.3.1)':
    dependencies:
      '@clerk/types': 4.25.0
      glob-to-regexp: 0.4.1
      js-cookie: 3.0.5
      std-env: 3.7.0
      swr: 2.2.5(react@18.3.1)
    optionalDependencies:
      react: 18.3.1
      react-dom: 18.3.1(react@18.3.1)

  '@clerk/types@4.25.0':
    dependencies:
      csstype: 3.1.1

  '@cloudinary-util/types@1.4.0': {}

  '@cloudinary-util/url-loader@5.9.0':
    dependencies:
      '@cloudinary-util/types': 1.4.0
      '@cloudinary-util/util': 3.3.2
      '@cloudinary/url-gen': 1.15.0
      zod: 3.23.8

  '@cloudinary-util/util@3.3.2': {}

  '@cloudinary/transformation-builder-sdk@1.15.1':
    dependencies:
      '@cloudinary/url-gen': 1.15.0

  '@cloudinary/url-gen@1.15.0':
    dependencies:
      '@cloudinary/transformation-builder-sdk': 1.15.1

  '@next/env@14.2.5': {}

  '@next/swc-darwin-arm64@14.2.5':
    optional: true

  '@next/swc-darwin-x64@14.2.5':
    optional: true

  '@next/swc-linux-arm64-gnu@14.2.5':
    optional: true

  '@next/swc-linux-arm64-musl@14.2.5':
    optional: true

  '@next/swc-linux-x64-gnu@14.2.5':
    optional: true

  '@next/swc-linux-x64-musl@14.2.5':
    optional: true

  '@next/swc-win32-arm64-msvc@14.2.5':
    optional: true

  '@next/swc-win32-ia32-msvc@14.2.5':
    optional: true

  '@next/swc-win32-x64-msvc@14.2.5':
    optional: true

  '@panva/hkdf@1.2.1': {}

  '@swc/counter@0.1.3': {}

  '@swc/helpers@0.5.5':
    dependencies:
      '@swc/counter': 0.1.3
      tslib: 2.6.3

  '@tsconfig/recommended@1.0.7': {}

  '@types/hoist-non-react-statics@3.3.5':
    dependencies:
      '@types/react': 18.3.10
      hoist-non-react-statics: 3.3.2

  '@types/node@22.7.4':
    dependencies:
      undici-types: 6.19.8

  '@types/prop-types@15.7.13': {}

  '@types/react@18.3.10':
    dependencies:
      '@types/prop-types': 15.7.13
      csstype: 3.1.3

  '@uidotdev/usehooks@2.4.1(react-dom@18.3.1(react@18.3.1))(react@18.3.1)':
    dependencies:
      react: 18.3.1
      react-dom: 18.3.1(react@18.3.1)

  busboy@1.6.0:
    dependencies:
      streamsearch: 1.1.0

  caniuse-lite@1.0.30001649: {}

  client-only@0.0.1: {}

  cloudinary@2.4.0:
    dependencies:
      lodash: 4.17.21
      q: 1.5.1

  cookie@0.5.0: {}

  crypto-js@4.2.0: {}

  csstype@3.1.1: {}

  csstype@3.1.3: {}

  deepmerge@2.2.1: {}

  dot-case@3.0.4:
    dependencies:
      no-case: 3.0.4
      tslib: 2.6.3

  embla-carousel-autoplay@8.3.0(embla-carousel@8.3.0):
    dependencies:
      embla-carousel: 8.3.0

  embla-carousel-react@8.3.0(react@18.3.1):
    dependencies:
      embla-carousel: 8.3.0
      embla-carousel-reactive-utils: 8.3.0(embla-carousel@8.3.0)
      react: 18.3.1

  embla-carousel-reactive-utils@8.3.0(embla-carousel@8.3.0):
    dependencies:
      embla-carousel: 8.3.0

  embla-carousel@8.3.0: {}

  formik@2.4.6(react@18.3.1):
    dependencies:
      '@types/hoist-non-react-statics': 3.3.5
      deepmerge: 2.2.1
      hoist-non-react-statics: 3.3.2
      lodash: 4.17.21
      lodash-es: 4.17.21
      react: 18.3.1
      react-fast-compare: 2.0.4
      tiny-warning: 1.0.3
      tslib: 2.6.3

  glob-to-regexp@0.4.1: {}

  graceful-fs@4.2.11: {}

  hoist-non-react-statics@3.3.2:
    dependencies:
      react-is: 16.13.1

  jose@4.15.9: {}

  js-cookie@3.0.5: {}

  js-tokens@4.0.0: {}

  lodash-es@4.17.21: {}

  lodash@4.17.21: {}

  loose-envify@1.4.0:
    dependencies:
      js-tokens: 4.0.0

  lower-case@2.0.2:
    dependencies:
      tslib: 2.6.3

  lru-cache@6.0.0:
    dependencies:
      yallist: 4.0.0

  map-obj@4.3.0: {}

  nanoid@3.3.7: {}

  next-auth@4.24.8(next@14.2.5(react-dom@18.3.1(react@18.3.1))(react@18.3.1))(react-dom@18.3.1(react@18.3.1))(react@18.3.1):
    dependencies:
      '@babel/runtime': 7.25.6
      '@panva/hkdf': 1.2.1
      cookie: 0.5.0
      jose: 4.15.9
      next: 14.2.5(react-dom@18.3.1(react@18.3.1))(react@18.3.1)
      oauth: 0.9.15
      openid-client: 5.7.0
      preact: 10.24.1
      preact-render-to-string: 5.2.6(preact@10.24.1)
      react: 18.3.1
      react-dom: 18.3.1(react@18.3.1)
      uuid: 8.3.2

  next-cloudinary@6.11.0(next@14.2.5(react-dom@18.3.1(react@18.3.1))(react@18.3.1))(react@18.3.1):
    dependencies:
      '@cloudinary-util/types': 1.4.0
      '@cloudinary-util/url-loader': 5.9.0
      '@cloudinary-util/util': 3.3.2
      '@tsconfig/recommended': 1.0.7
      next: 14.2.5(react-dom@18.3.1(react@18.3.1))(react@18.3.1)
      react: 18.3.1

  next@14.2.5(react-dom@18.3.1(react@18.3.1))(react@18.3.1):
    dependencies:
      '@next/env': 14.2.5
      '@swc/helpers': 0.5.5
      busboy: 1.6.0
      caniuse-lite: 1.0.30001649
      graceful-fs: 4.2.11
      postcss: 8.4.31
      react: 18.3.1
      react-dom: 18.3.1(react@18.3.1)
      styled-jsx: 5.1.1(react@18.3.1)
    optionalDependencies:
      '@next/swc-darwin-arm64': 14.2.5
      '@next/swc-darwin-x64': 14.2.5
      '@next/swc-linux-arm64-gnu': 14.2.5
      '@next/swc-linux-arm64-musl': 14.2.5
      '@next/swc-linux-x64-gnu': 14.2.5
      '@next/swc-linux-x64-musl': 14.2.5
      '@next/swc-win32-arm64-msvc': 14.2.5
      '@next/swc-win32-ia32-msvc': 14.2.5
      '@next/swc-win32-x64-msvc': 14.2.5
    transitivePeerDependencies:
      - '@babel/core'
      - babel-plugin-macros

  nextjs-toploader@3.7.15(next@14.2.5(react-dom@18.3.1(react@18.3.1))(react@18.3.1))(react-dom@18.3.1(react@18.3.1))(react@18.3.1):
    dependencies:
      next: 14.2.5(react-dom@18.3.1(react@18.3.1))(react@18.3.1)
      nprogress: 0.2.0
      prop-types: 15.8.1
      react: 18.3.1
      react-dom: 18.3.1(react@18.3.1)

  no-case@3.0.4:
    dependencies:
      lower-case: 2.0.2
      tslib: 2.6.3

  nprogress@0.2.0: {}

  oauth@0.9.15: {}

  object-assign@4.1.1: {}

  object-hash@2.2.0: {}

  oidc-token-hash@5.0.3: {}

  openid-client@5.7.0:
    dependencies:
      jose: 4.15.9
      lru-cache: 6.0.0
      object-hash: 2.2.0
      oidc-token-hash: 5.0.3

  picocolors@1.0.1: {}

  pnpm@9.6.0: {}

  postcss@8.4.31:
    dependencies:
      nanoid: 3.3.7
      picocolors: 1.0.1
      source-map-js: 1.2.0

  preact-render-to-string@5.2.6(preact@10.24.1):
    dependencies:
      preact: 10.24.1
      pretty-format: 3.8.0

  preact@10.24.1: {}

  pretty-format@3.8.0: {}

  prop-types@15.8.1:
    dependencies:
      loose-envify: 1.4.0
      object-assign: 4.1.1
      react-is: 16.13.1

  property-expr@2.0.6: {}

  q@1.5.1: {}

  react-dom@18.3.1(react@18.3.1):
    dependencies:
      loose-envify: 1.4.0
      react: 18.3.1
      scheduler: 0.23.2

  react-fast-compare@2.0.4: {}

  react-icons@5.2.1(react@18.3.1):
    dependencies:
      react: 18.3.1

  react-is@16.13.1: {}

  react-loading-skeleton@3.5.0(react@18.3.1):
    dependencies:
      react: 18.3.1

  react@18.3.1:
    dependencies:
      loose-envify: 1.4.0

  regenerator-runtime@0.14.1: {}

  scheduler@0.23.2:
    dependencies:
      loose-envify: 1.4.0

  server-only@0.0.1: {}

  snake-case@3.0.4:
    dependencies:
      dot-case: 3.0.4
      tslib: 2.6.3

  snakecase-keys@5.4.4:
    dependencies:
      map-obj: 4.3.0
      snake-case: 3.0.4
      type-fest: 2.19.0

  source-map-js@1.2.0: {}

  std-env@3.7.0: {}

  streamsearch@1.1.0: {}

  styled-jsx@5.1.1(react@18.3.1):
    dependencies:
      client-only: 0.0.1
      react: 18.3.1

  swiper@11.1.10: {}

  swr@2.2.5(react@18.3.1):
    dependencies:
      client-only: 0.0.1
      react: 18.3.1
      use-sync-external-store: 1.2.2(react@18.3.1)

  tiny-case@1.0.3: {}

  tiny-warning@1.0.3: {}

  toposort@2.0.2: {}

  tslib@2.4.1: {}

  tslib@2.6.3: {}

  type-fest@2.19.0: {}

  typescript@5.6.2: {}

  undici-types@6.19.8: {}

  use-sync-external-store@1.2.2(react@18.3.1):
    dependencies:
      react: 18.3.1

  uuid@8.3.2: {}

  yallist@4.0.0: {}

  yup@1.4.0:
    dependencies:
      property-expr: 2.0.6
      tiny-case: 1.0.3
      toposort: 2.0.2
      type-fest: 2.19.0

  zod@3.23.8: {}

  zustand@4.5.5(@types/react@18.3.10)(react@18.3.1):
    dependencies:
      use-sync-external-store: 1.2.2(react@18.3.1)
    optionalDependencies:
      '@types/react': 18.3.10
      react: 18.3.1
